
Microsoft Visual Studio Solution File, Format Version 12.00
# Visual Studio Version 17
VisualStudioVersion = 17.0.31903.59
MinimumVisualStudioVersion = 10.0.40219.1
Project("{FAE04EC0-301F-11D3-BF4B-00C04F79EFBC}") = "LangApp.Core", "LangApp.Core\LangApp.Core.csproj", "{5A278AA2-D97A-4622-B73B-64B00DEDCF8B}"
EndProject
Project("{FAE04EC0-301F-11D3-BF4B-00C04F79EFBC}") = "LangApp.Application", "LangApp.Application\LangApp.Application.csproj", "{3871E594-1170-44FF-83EC-90BECC523D2E}"
EndProject
Project("{FAE04EC0-301F-11D3-BF4B-00C04F79EFBC}") = "LangApp.Infrastructure", "LangApp.Infrastructure\LangApp.Infrastructure.csproj", "{76E73932-BDD9-4DA5-B21A-F0F1E76F2185}"
EndProject
Project("{FAE04EC0-301F-11D3-BF4B-00C04F79EFBC}") = "LangApp.Api", "LangApp.Api\LangApp.Api.csproj", "{12B8CDA2-7C7A-45EB-8372-DF26A0CB7A6F}"
EndProject
Project("{FAE04EC0-301F-11D3-BF4B-00C04F79EFBC}") = "Shared", "Shared\Shared.csproj", "{6FA22917-8B90-433A-BD78-2500CB463E77}"
EndProject
Project("{FAE04EC0-301F-11D3-BF4B-00C04F79EFBC}") = "LangApp.Core.Tests", "LangApp.Core.Tests\LangApp.Core.Tests.csproj", "{36AF13D2-68C1-4B29-BEFE-68FC377EB996}"
EndProject
Project("{2150E333-8FDC-42A3-9474-1A3956D46DE8}") = "Tests", "Tests", "{757CEBF1-F820-46DE-9E32-CD62EEC7EA4A}"
EndProject
Project("{FAE04EC0-301F-11D3-BF4B-00C04F79EFBC}") = "LangApp.Tests.Integration", "LangApp.Tests.Integration\LangApp.Tests.Integration.csproj", "{ADCB1257-5249-4905-99D5-E248E90450B2}"
EndProject
Global
	GlobalSection(SolutionConfigurationPlatforms) = preSolution
		Debug|Any CPU = Debug|Any CPU
		Release|Any CPU = Release|Any CPU
	EndGlobalSection
	GlobalSection(SolutionProperties) = preSolution
		HideSolutionNode = FALSE
	EndGlobalSection
	GlobalSection(ProjectConfigurationPlatforms) = postSolution
		{5A278AA2-D97A-4622-B73B-64B00DEDCF8B}.Debug|Any CPU.ActiveCfg = Debug|Any CPU
		{5A278AA2-D97A-4622-B73B-64B00DEDCF8B}.Debug|Any CPU.Build.0 = Debug|Any CPU
		{5A278AA2-D97A-4622-B73B-64B00DEDCF8B}.Release|Any CPU.ActiveCfg = Release|Any CPU
		{5A278AA2-D97A-4622-B73B-64B00DEDCF8B}.Release|Any CPU.Build.0 = Release|Any CPU
		{3871E594-1170-44FF-83EC-90BECC523D2E}.Debug|Any CPU.ActiveCfg = Debug|Any CPU
		{3871E594-1170-44FF-83EC-90BECC523D2E}.Debug|Any CPU.Build.0 = Debug|Any CPU
		{3871E594-1170-44FF-83EC-90BECC523D2E}.Release|Any CPU.ActiveCfg = Release|Any CPU
		{3871E594-1170-44FF-83EC-90BECC523D2E}.Release|Any CPU.Build.0 = Release|Any CPU
		{76E73932-BDD9-4DA5-B21A-F0F1E76F2185}.Debug|Any CPU.ActiveCfg = Debug|Any CPU
		{76E73932-BDD9-4DA5-B21A-F0F1E76F2185}.Debug|Any CPU.Build.0 = Debug|Any CPU
		{76E73932-BDD9-4DA5-B21A-F0F1E76F2185}.Release|Any CPU.ActiveCfg = Release|Any CPU
		{76E73932-BDD9-4DA5-B21A-F0F1E76F2185}.Release|Any CPU.Build.0 = Release|Any CPU
		{12B8CDA2-7C7A-45EB-8372-DF26A0CB7A6F}.Debug|Any CPU.ActiveCfg = Debug|Any CPU
		{12B8CDA2-7C7A-45EB-8372-DF26A0CB7A6F}.Debug|Any CPU.Build.0 = Debug|Any CPU
		{12B8CDA2-7C7A-45EB-8372-DF26A0CB7A6F}.Release|Any CPU.ActiveCfg = Release|Any CPU
		{12B8CDA2-7C7A-45EB-8372-DF26A0CB7A6F}.Release|Any CPU.Build.0 = Release|Any CPU
		{6FA22917-8B90-433A-BD78-2500CB463E77}.Debug|Any CPU.ActiveCfg = Debug|Any CPU
		{6FA22917-8B90-433A-BD78-2500CB463E77}.Debug|Any CPU.Build.0 = Debug|Any CPU
		{6FA22917-8B90-433A-BD78-2500CB463E77}.Release|Any CPU.ActiveCfg = Release|Any CPU
		{6FA22917-8B90-433A-BD78-2500CB463E77}.Release|Any CPU.Build.0 = Release|Any CPU
		{36AF13D2-68C1-4B29-BEFE-68FC377EB996}.Debug|Any CPU.ActiveCfg = Debug|Any CPU
		{36AF13D2-68C1-4B29-BEFE-68FC377EB996}.Debug|Any CPU.Build.0 = Debug|Any CPU
		{36AF13D2-68C1-4B29-BEFE-68FC377EB996}.Release|Any CPU.ActiveCfg = Release|Any CPU
		{36AF13D2-68C1-4B29-BEFE-68FC377EB996}.Release|Any CPU.Build.0 = Release|Any CPU
		{ADCB1257-5249-4905-99D5-E248E90450B2}.Debug|Any CPU.ActiveCfg = Debug|Any CPU
		{ADCB1257-5249-4905-99D5-E248E90450B2}.Debug|Any CPU.Build.0 = Debug|Any CPU
		{ADCB1257-5249-4905-99D5-E248E90450B2}.Release|Any CPU.ActiveCfg = Release|Any CPU
		{ADCB1257-5249-4905-99D5-E248E90450B2}.Release|Any CPU.Build.0 = Release|Any CPU
	EndGlobalSection
	GlobalSection(NestedProjects) = preSolution
		{36AF13D2-68C1-4B29-BEFE-68FC377EB996} = {757CEBF1-F820-46DE-9E32-CD62EEC7EA4A}
		{ADCB1257-5249-4905-99D5-E248E90450B2} = {757CEBF1-F820-46DE-9E32-CD62EEC7EA4A}
	EndGlobalSection
EndGlobal
